
Microsoft Visual Studio Solution File, Format Version 12.00
# Visual Studio 15
VisualStudioVersion = 15.0.28307.329
MinimumVisualStudioVersion = 10.0.40219.1
Project("{FAE04EC0-301F-11D3-BF4B-00C04F79EFBC}") = "JsonPolimi", "JsonPolimi\JsonPolimi.csproj", "{0CFD3401-FC49-4645-AAFE-9B59354AA59E}"
EndProject
Global
	GlobalSection(SolutionConfigurationPlatforms) = preSolution
		Debug|Any CPU = Debug|Any CPU
		Release|Any CPU = Release|Any CPU
	EndGlobalSection
	GlobalSection(ProjectConfigurationPlatforms) = postSolution
		{0CFD3401-FC49-4645-AAFE-9B59354AA59E}.Debug|Any CPU.ActiveCfg = Debug|Any CPU
		{0CFD3401-FC49-4645-AAFE-9B59354AA59E}.Debug|Any CPU.Build.0 = Debug|Any CPU
		{0CFD3401-FC49-4645-AAFE-9B59354AA59E}.Release|Any CPU.ActiveCfg = Release|Any CPU
		{0CFD3401-FC49-4645-AAFE-9B59354AA59E}.Release|Any CPU.Build.0 = Release|Any CPU
	EndGlobalSection
	GlobalSection(SolutionProperties) = preSolution
		HideSolutionNode = FALSE
	EndGlobalSection
	GlobalSection(ExtensibilityGlobals) = postSolution
		SolutionGuid = {39801E93-4E28-4E97-BD6E-A4CD7A32556B}
	EndGlobalSection
EndGlobal
